
Microsoft Visual Studio Solution File, Format Version 12.00
# Visual Studio Version 16
VisualStudioVersion = 16.0.29009.5
MinimumVisualStudioVersion = 10.0.40219.1
Project("{FAE04EC0-301F-11D3-BF4B-00C04F79EFBC}") = "Koh", "Koh\Koh.csproj", "{4D5350C8-7F8C-47CF-8CDE-C752018AF17E}"
EndProject
Global
	GlobalSection(SolutionConfigurationPlatforms) = preSolution
		Debug|Any CPU = Debug|Any CPU
		Debug|x64 = Debug|x64
		Debug|x86 = Debug|x86
		Release|Any CPU = Release|Any CPU
		Release|x64 = Release|x64
		Release|x86 = Release|x86
	EndGlobalSection
	GlobalSection(ProjectConfigurationPlatforms) = postSolution
		{4D5350C8-7F8C-47CF-8CDE-C752018AF17E}.Debug|Any CPU.ActiveCfg = Debug|Any CPU
		{4D5350C8-7F8C-47CF-8CDE-C752018AF17E}.Debug|Any CPU.Build.0 = Debug|Any CPU
		{4D5350C8-7F8C-47CF-8CDE-C752018AF17E}.Debug|x64.ActiveCfg = Debug|Any CPU
		{4D5350C8-7F8C-47CF-8CDE-C752018AF17E}.Debug|x64.Build.0 = Debug|Any CPU
		{4D5350C8-7F8C-47CF-8CDE-C752018AF17E}.Debug|x86.ActiveCfg = Debug|Any CPU
		{4D5350C8-7F8C-47CF-8CDE-C752018AF17E}.Debug|x86.Build.0 = Debug|Any CPU
		{4D5350C8-7F8C-47CF-8CDE-C752018AF17E}.Release|Any CPU.ActiveCfg = Release|Any CPU
		{4D5350C8-7F8C-47CF-8CDE-C752018AF17E}.Release|Any CPU.Build.0 = Release|Any CPU
		{4D5350C8-7F8C-47CF-8CDE-C752018AF17E}.Release|x64.ActiveCfg = Release|Any CPU
		{4D5350C8-7F8C-47CF-8CDE-C752018AF17E}.Release|x64.Build.0 = Release|Any CPU
		{4D5350C8-7F8C-47CF-8CDE-C752018AF17E}.Release|x86.ActiveCfg = Release|Any CPU
		{4D5350C8-7F8C-47CF-8CDE-C752018AF17E}.Release|x86.Build.0 = Release|Any CPU
	EndGlobalSection
	GlobalSection(SolutionProperties) = preSolution
		HideSolutionNode = FALSE
	EndGlobalSection
	GlobalSection(ExtensibilityGlobals) = postSolution
		SolutionGuid = {19CD90DA-BCD6-40AA-B080-0C8B82595CB8}
	EndGlobalSection
EndGlobal
